// !$*UTF8*$!
{
	archiveVersion = 1;
	classes = {
	};
	objectVersion = 77;
	objects = {

/* Begin PBXBuildFile section */
		BC2130E82DE44948002730E9 /* ResilienceTests.swift in Sources */ = {isa = PBXBuildFile; fileRef = BC2130E62DE44948002730E9 /* ResilienceTests.swift */; };
		BC2130EC2DE44949002730E9 /* ResilienceUITests.swift in Sources */ = {isa = PBXBuildFile; fileRef = BC2130E92DE44949002730E9 /* ResilienceUITests.swift */; };
		BC2130ED2DE44949002730E9 /* ResilienceUITestsLaunchTests.swift in Sources */ = {isa = PBXBuildFile; fileRef = BC2130EA2DE44949002730E9 /* ResilienceUITestsLaunchTests.swift */; };
		BC2130F22DE4494C002730E9 /* Assets.xcassets in Resources */ = {isa = PBXBuildFile; fileRef = BC2130EE2DE4494C002730E9 /* Assets.xcassets */; };
		BC2130F32DE4494C002730E9 /* ContentView.swift in Sources */ = {isa = PBXBuildFile; fileRef = BC2130EF2DE4494C002730E9 /* ContentView.swift */; };
		BC2130F42DE4494C002730E9 /* ResilienceApp.swift in Sources */ = {isa = PBXBuildFile; fileRef = BC2130F02DE4494C002730E9 /* ResilienceApp.swift */; };
		BC2130F62DE44A80002730E9 /* CheckInTask.swift in Sources */ = {isa = PBXBuildFile; fileRef = BC2130F52DE44A80002730E9 /* CheckInTask.swift */; };
		BC2130FA2DE44B3F002730E9 /* DashboardView.swift in Sources */ = {isa = PBXBuildFile; fileRef = BC2130F92DE44B3F002730E9 /* DashboardView.swift */; };
		BC2130FD2DE44B84002730E9 /* CheckInTaskViewModel.swift in Sources */ = {isa = PBXBuildFile; fileRef = BC2130FC2DE44B84002730E9 /* CheckInTaskViewModel.swift */; };
		BC2130FF2DE44C43002730E9 /* DashboardViewModel.swift in Sources */ = {isa = PBXBuildFile; fileRef = BC2130FE2DE44C43002730E9 /* DashboardViewModel.swift */; };
		BC2131012DE44D25002730E9 /* ResilienceMainViewModel.swift in Sources */ = {isa = PBXBuildFile; fileRef = BC2131002DE44D25002730E9 /* ResilienceMainViewModel.swift */; };
		BC2131032DE44F4E002730E9 /* TaskLoggingView.swift in Sources */ = {isa = PBXBuildFile; fileRef = BC2131022DE44F4E002730E9 /* TaskLoggingView.swift */; };
		BC2131052DE4553A002730E9 /* LoginView.swift in Sources */ = {isa = PBXBuildFile; fileRef = BC2131042DE4553A002730E9 /* LoginView.swift */; };
/* End PBXBuildFile section */

/* Begin PBXContainerItemProxy section */
		BC2130CA2DE4493F002730E9 /* PBXContainerItemProxy */ = {
			isa = PBXContainerItemProxy;
			containerPortal = BC2130B42DE4493D002730E9 /* Project object */;
			proxyType = 1;
			remoteGlobalIDString = BC2130BB2DE4493D002730E9;
			remoteInfo = Resilience;
		};
		BC2130D42DE4493F002730E9 /* PBXContainerItemProxy */ = {
			isa = PBXContainerItemProxy;
			containerPortal = BC2130B42DE4493D002730E9 /* Project object */;
			proxyType = 1;
			remoteGlobalIDString = BC2130BB2DE4493D002730E9;
			remoteInfo = Resilience;
		};
/* End PBXContainerItemProxy section */

/* Begin PBXFileReference section */
		BC2130BC2DE4493D002730E9 /* Resilience.app */ = {isa = PBXFileReference; explicitFileType = wrapper.application; includeInIndex = 0; path = Resilience.app; sourceTree = BUILT_PRODUCTS_DIR; };
		BC2130C92DE4493F002730E9 /* ResilienceTests.xctest */ = {isa = PBXFileReference; explicitFileType = wrapper.cfbundle; includeInIndex = 0; path = ResilienceTests.xctest; sourceTree = BUILT_PRODUCTS_DIR; };
		BC2130D32DE4493F002730E9 /* ResilienceUITests.xctest */ = {isa = PBXFileReference; explicitFileType = wrapper.cfbundle; includeInIndex = 0; path = ResilienceUITests.xctest; sourceTree = BUILT_PRODUCTS_DIR; };
		BC2130E62DE44948002730E9 /* ResilienceTests.swift */ = {isa = PBXFileReference; lastKnownFileType = sourcecode.swift; path = ResilienceTests.swift; sourceTree = "<group>"; };
		BC2130E92DE44949002730E9 /* ResilienceUITests.swift */ = {isa = PBXFileReference; lastKnownFileType = sourcecode.swift; path = ResilienceUITests.swift; sourceTree = "<group>"; };
		BC2130EA2DE44949002730E9 /* ResilienceUITestsLaunchTests.swift */ = {isa = PBXFileReference; lastKnownFileType = sourcecode.swift; path = ResilienceUITestsLaunchTests.swift; sourceTree = "<group>"; };
		BC2130EE2DE4494C002730E9 /* Assets.xcassets */ = {isa = PBXFileReference; lastKnownFileType = folder.assetcatalog; path = Assets.xcassets; sourceTree = "<group>"; };
		BC2130EF2DE4494C002730E9 /* ContentView.swift */ = {isa = PBXFileReference; lastKnownFileType = sourcecode.swift; path = ContentView.swift; sourceTree = "<group>"; };
		BC2130F02DE4494C002730E9 /* ResilienceApp.swift */ = {isa = PBXFileReference; lastKnownFileType = sourcecode.swift; path = ResilienceApp.swift; sourceTree = "<group>"; };
		BC2130F52DE44A80002730E9 /* CheckInTask.swift */ = {isa = PBXFileReference; lastKnownFileType = sourcecode.swift; path = CheckInTask.swift; sourceTree = "<group>"; };
		BC2130F92DE44B3F002730E9 /* DashboardView.swift */ = {isa = PBXFileReference; lastKnownFileType = sourcecode.swift; path = DashboardView.swift; sourceTree = "<group>"; };
		BC2130FC2DE44B84002730E9 /* CheckInTaskViewModel.swift */ = {isa = PBXFileReference; lastKnownFileType = sourcecode.swift; path = CheckInTaskViewModel.swift; sourceTree = "<group>"; };
		BC2130FE2DE44C43002730E9 /* DashboardViewModel.swift */ = {isa = PBXFileReference; lastKnownFileType = sourcecode.swift; path = DashboardViewModel.swift; sourceTree = "<group>"; };
		BC2131002DE44D25002730E9 /* ResilienceMainViewModel.swift */ = {isa = PBXFileReference; lastKnownFileType = sourcecode.swift; path = ResilienceMainViewModel.swift; sourceTree = "<group>"; };
		BC2131022DE44F4E002730E9 /* TaskLoggingView.swift */ = {isa = PBXFileReference; lastKnownFileType = sourcecode.swift; path = TaskLoggingView.swift; sourceTree = "<group>"; };
		BC2131042DE4553A002730E9 /* LoginView.swift */ = {isa = PBXFileReference; lastKnownFileType = sourcecode.swift; path = LoginView.swift; sourceTree = "<group>"; };
/* End PBXFileReference section */

/* Begin PBXFrameworksBuildPhase section */
		BC2130B92DE4493D002730E9 /* Frameworks */ = {
			isa = PBXFrameworksBuildPhase;
			buildActionMask = 2147483647;
			files = (
			);
			runOnlyForDeploymentPostprocessing = 0;
		};
		BC2130C62DE4493F002730E9 /* Frameworks */ = {
			isa = PBXFrameworksBuildPhase;
			buildActionMask = 2147483647;
			files = (
			);
			runOnlyForDeploymentPostprocessing = 0;
		};
		BC2130D02DE4493F002730E9 /* Frameworks */ = {
			isa = PBXFrameworksBuildPhase;
			buildActionMask = 2147483647;
			files = (
			);
			runOnlyForDeploymentPostprocessing = 0;
		};
/* End PBXFrameworksBuildPhase section */

/* Begin PBXGroup section */
		BC2130B32DE4493D002730E9 = {
			isa = PBXGroup;
			children = (
				BC2130F12DE4494C002730E9 /* Resilience */,
				BC2130E72DE44948002730E9 /* ResilienceTests */,
				BC2130EB2DE44949002730E9 /* ResilienceUITests */,
				BC2130BD2DE4493D002730E9 /* Products */,
			);
			sourceTree = "<group>";
		};
		BC2130BD2DE4493D002730E9 /* Products */ = {
			isa = PBXGroup;
			children = (
				BC2130BC2DE4493D002730E9 /* Resilience.app */,
				BC2130C92DE4493F002730E9 /* ResilienceTests.xctest */,
				BC2130D32DE4493F002730E9 /* ResilienceUITests.xctest */,
			);
			name = Products;
			sourceTree = "<group>";
		};
		BC2130E72DE44948002730E9 /* ResilienceTests */ = {
			isa = PBXGroup;
			children = (
				BC2130E62DE44948002730E9 /* ResilienceTests.swift */,
			);
			path = ResilienceTests;
			sourceTree = "<group>";
		};
		BC2130EB2DE44949002730E9 /* ResilienceUITests */ = {
			isa = PBXGroup;
			children = (
				BC2130E92DE44949002730E9 /* ResilienceUITests.swift */,
				BC2130EA2DE44949002730E9 /* ResilienceUITestsLaunchTests.swift */,
			);
			path = ResilienceUITests;
			sourceTree = "<group>";
		};
		BC2130F12DE4494C002730E9 /* Resilience */ = {
			isa = PBXGroup;
			children = (
				BC2130EE2DE4494C002730E9 /* Assets.xcassets */,
				BC2130EF2DE4494C002730E9 /* ContentView.swift */,
				BC2130F02DE4494C002730E9 /* ResilienceApp.swift */,
				BC2130F82DE44B2A002730E9 /* Views */,
				BC2130F72DE44AE6002730E9 /* Models */,
				BC2130FB2DE44B69002730E9 /* View Models */,
			);
			path = Resilience;
			sourceTree = "<group>";
		};
		BC2130F72DE44AE6002730E9 /* Models */ = {
			isa = PBXGroup;
			children = (
				BC2130F52DE44A80002730E9 /* CheckInTask.swift */,
			);
			path = Models;
			sourceTree = "<group>";
		};
		BC2130F82DE44B2A002730E9 /* Views */ = {
			isa = PBXGroup;
			children = (
				BC2130F92DE44B3F002730E9 /* DashboardView.swift */,
				BC2131022DE44F4E002730E9 /* TaskLoggingView.swift */,
				BC2131042DE4553A002730E9 /* LoginView.swift */,
			);
			path = Views;
			sourceTree = "<group>";
		};
		BC2130FB2DE44B69002730E9 /* View Models */ = {
			isa = PBXGroup;
			children = (
				BC2130FC2DE44B84002730E9 /* CheckInTaskViewModel.swift */,
				BC2130FE2DE44C43002730E9 /* DashboardViewModel.swift */,
				BC2131002DE44D25002730E9 /* ResilienceMainViewModel.swift */,
			);
			path = "View Models";
			sourceTree = "<group>";
		};
/* End PBXGroup section */

/* Begin PBXNativeTarget section */
		BC2130BB2DE4493D002730E9 /* Resilience */ = {
			isa = PBXNativeTarget;
			buildConfigurationList = BC2130DD2DE4493F002730E9 /* Build configuration list for PBXNativeTarget "Resilience" */;
			buildPhases = (
				BC2130B82DE4493D002730E9 /* Sources */,
				BC2130B92DE4493D002730E9 /* Frameworks */,
				BC2130BA2DE4493D002730E9 /* Resources */,
			);
			buildRules = (
			);
			dependencies = (
			);
			name = Resilience;
			packageProductDependencies = (
			);
			productName = Resilience;
			productReference = BC2130BC2DE4493D002730E9 /* Resilience.app */;
			productType = "com.apple.product-type.application";
		};
		BC2130C82DE4493F002730E9 /* ResilienceTests */ = {
			isa = PBXNativeTarget;
			buildConfigurationList = BC2130E02DE4493F002730E9 /* Build configuration list for PBXNativeTarget "ResilienceTests" */;
			buildPhases = (
				BC2130C52DE4493F002730E9 /* Sources */,
				BC2130C62DE4493F002730E9 /* Frameworks */,
				BC2130C72DE4493F002730E9 /* Resources */,
			);
			buildRules = (
			);
			dependencies = (
				BC2130CB2DE4493F002730E9 /* PBXTargetDependency */,
			);
			name = ResilienceTests;
			packageProductDependencies = (
			);
			productName = ResilienceTests;
			productReference = BC2130C92DE4493F002730E9 /* ResilienceTests.xctest */;
			productType = "com.apple.product-type.bundle.unit-test";
		};
		BC2130D22DE4493F002730E9 /* ResilienceUITests */ = {
			isa = PBXNativeTarget;
			buildConfigurationList = BC2130E32DE4493F002730E9 /* Build configuration list for PBXNativeTarget "ResilienceUITests" */;
			buildPhases = (
				BC2130CF2DE4493F002730E9 /* Sources */,
				BC2130D02DE4493F002730E9 /* Frameworks */,
				BC2130D12DE4493F002730E9 /* Resources */,
			);
			buildRules = (
			);
			dependencies = (
				BC2130D52DE4493F002730E9 /* PBXTargetDependency */,
			);
			name = ResilienceUITests;
			packageProductDependencies = (
			);
			productName = ResilienceUITests;
			productReference = BC2130D32DE4493F002730E9 /* ResilienceUITests.xctest */;
			productType = "com.apple.product-type.bundle.ui-testing";
		};
/* End PBXNativeTarget section */

/* Begin PBXProject section */
		BC2130B42DE4493D002730E9 /* Project object */ = {
			isa = PBXProject;
			attributes = {
				BuildIndependentTargetsInParallel = 1;
				LastSwiftUpdateCheck = 1630;
				LastUpgradeCheck = 1630;
				TargetAttributes = {
					BC2130BB2DE4493D002730E9 = {
						CreatedOnToolsVersion = 16.3;
					};
					BC2130C82DE4493F002730E9 = {
						CreatedOnToolsVersion = 16.3;
						TestTargetID = BC2130BB2DE4493D002730E9;
					};
					BC2130D22DE4493F002730E9 = {
						CreatedOnToolsVersion = 16.3;
						TestTargetID = BC2130BB2DE4493D002730E9;
					};
				};
			};
			buildConfigurationList = BC2130B72DE4493D002730E9 /* Build configuration list for PBXProject "Resilience" */;
			developmentRegion = en;
			hasScannedForEncodings = 0;
			knownRegions = (
				en,
				Base,
			);
			mainGroup = BC2130B32DE4493D002730E9;
			minimizedProjectReferenceProxies = 1;
			preferredProjectObjectVersion = 77;
			productRefGroup = BC2130BD2DE4493D002730E9 /* Products */;
			projectDirPath = "";
			projectRoot = "";
			targets = (
				BC2130BB2DE4493D002730E9 /* Resilience */,
				BC2130C82DE4493F002730E9 /* ResilienceTests */,
				BC2130D22DE4493F002730E9 /* ResilienceUITests */,
			);
		};
/* End PBXProject section */

/* Begin PBXResourcesBuildPhase section */
		BC2130BA2DE4493D002730E9 /* Resources */ = {
			isa = PBXResourcesBuildPhase;
			buildActionMask = 2147483647;
			files = (
				BC2130F22DE4494C002730E9 /* Assets.xcassets in Resources */,
			);
			runOnlyForDeploymentPostprocessing = 0;
		};
		BC2130C72DE4493F002730E9 /* Resources */ = {
			isa = PBXResourcesBuildPhase;
			buildActionMask = 2147483647;
			files = (
			);
			runOnlyForDeploymentPostprocessing = 0;
		};
		BC2130D12DE4493F002730E9 /* Resources */ = {
			isa = PBXResourcesBuildPhase;
			buildActionMask = 2147483647;
			files = (
			);
			runOnlyForDeploymentPostprocessing = 0;
		};
/* End PBXResourcesBuildPhase section */

/* Begin PBXSourcesBuildPhase section */
		BC2130B82DE4493D002730E9 /* Sources */ = {
			isa = PBXSourcesBuildPhase;
			buildActionMask = 2147483647;
			files = (
				BC2130F62DE44A80002730E9 /* CheckInTask.swift in Sources */,
				BC2130FA2DE44B3F002730E9 /* DashboardView.swift in Sources */,
				BC2130F32DE4494C002730E9 /* ContentView.swift in Sources */,
				BC2131052DE4553A002730E9 /* LoginView.swift in Sources */,
				BC2131012DE44D25002730E9 /* ResilienceMainViewModel.swift in Sources */,
				BC2130FF2DE44C43002730E9 /* DashboardViewModel.swift in Sources */,
				BC2131032DE44F4E002730E9 /* TaskLoggingView.swift in Sources */,
				BC2130FD2DE44B84002730E9 /* CheckInTaskViewModel.swift in Sources */,
				BC2130F42DE4494C002730E9 /* ResilienceApp.swift in Sources */,
			);
			runOnlyForDeploymentPostprocessing = 0;
		};
		BC2130C52DE4493F002730E9 /* Sources */ = {
			isa = PBXSourcesBuildPhase;
			buildActionMask = 2147483647;
			files = (
				BC2130E82DE44948002730E9 /* ResilienceTests.swift in Sources */,
			);
			runOnlyForDeploymentPostprocessing = 0;
		};
		BC2130CF2DE4493F002730E9 /* Sources */ = {
			isa = PBXSourcesBuildPhase;
			buildActionMask = 2147483647;
			files = (
				BC2130EC2DE44949002730E9 /* ResilienceUITests.swift in Sources */,
				BC2130ED2DE44949002730E9 /* ResilienceUITestsLaunchTests.swift in Sources */,
			);
			runOnlyForDeploymentPostprocessing = 0;
		};
/* End PBXSourcesBuildPhase section */

/* Begin PBXTargetDependency section */
		BC2130CB2DE4493F002730E9 /* PBXTargetDependency */ = {
			isa = PBXTargetDependency;
			target = BC2130BB2DE4493D002730E9 /* Resilience */;
			targetProxy = BC2130CA2DE4493F002730E9 /* PBXContainerItemProxy */;
		};
		BC2130D52DE4493F002730E9 /* PBXTargetDependency */ = {
			isa = PBXTargetDependency;
			target = BC2130BB2DE4493D002730E9 /* Resilience */;
			targetProxy = BC2130D42DE4493F002730E9 /* PBXContainerItemProxy */;
		};
/* End PBXTargetDependency section */

/* Begin XCBuildConfiguration section */
		BC2130DB2DE4493F002730E9 /* Debug */ = {
			isa = XCBuildConfiguration;
			buildSettings = {
				ALWAYS_SEARCH_USER_PATHS = NO;
				ASSETCATALOG_COMPILER_GENERATE_SWIFT_ASSET_SYMBOL_EXTENSIONS = YES;
				CLANG_ANALYZER_NONNULL = YES;
				CLANG_ANALYZER_NUMBER_OBJECT_CONVERSION = YES_AGGRESSIVE;
				CLANG_CXX_LANGUAGE_STANDARD = "gnu++20";
				CLANG_ENABLE_MODULES = YES;
				CLANG_ENABLE_OBJC_ARC = YES;
				CLANG_ENABLE_OBJC_WEAK = YES;
				CLANG_WARN_BLOCK_CAPTURE_AUTORELEASING = YES;
				CLANG_WARN_BOOL_CONVERSION = YES;
				CLANG_WARN_COMMA = YES;
				CLANG_WARN_CONSTANT_CONVERSION = YES;
				CLANG_WARN_DEPRECATED_OBJC_IMPLEMENTATIONS = YES;
				CLANG_WARN_DIRECT_OBJC_ISA_USAGE = YES_ERROR;
				CLANG_WARN_DOCUMENTATION_COMMENTS = YES;
				CLANG_WARN_EMPTY_BODY = YES;
				CLANG_WARN_ENUM_CONVERSION = YES;
				CLANG_WARN_INFINITE_RECURSION = YES;
				CLANG_WARN_INT_CONVERSION = YES;
				CLANG_WARN_NON_LITERAL_NULL_CONVERSION = YES;
				CLANG_WARN_OBJC_IMPLICIT_RETAIN_SELF = YES;
				CLANG_WARN_OBJC_LITERAL_CONVERSION = YES;
				CLANG_WARN_OBJC_ROOT_CLASS = YES_ERROR;
				CLANG_WARN_QUOTED_INCLUDE_IN_FRAMEWORK_HEADER = YES;
				CLANG_WARN_RANGE_LOOP_ANALYSIS = YES;
				CLANG_WARN_STRICT_PROTOTYPES = YES;
				CLANG_WARN_SUSPICIOUS_MOVE = YES;
				CLANG_WARN_UNGUARDED_AVAILABILITY = YES_AGGRESSIVE;
				CLANG_WARN_UNREACHABLE_CODE = YES;
				CLANG_WARN__DUPLICATE_METHOD_MATCH = YES;
				COPY_PHASE_STRIP = NO;
				DEBUG_INFORMATION_FORMAT = dwarf;
				DEVELOPMENT_TEAM = 7ZHNLQCC82;
				ENABLE_STRICT_OBJC_MSGSEND = YES;
				ENABLE_TESTABILITY = YES;
				ENABLE_USER_SCRIPT_SANDBOXING = YES;
				GCC_C_LANGUAGE_STANDARD = gnu17;
				GCC_DYNAMIC_NO_PIC = NO;
				GCC_NO_COMMON_BLOCKS = YES;
				GCC_OPTIMIZATION_LEVEL = 0;
				GCC_PREPROCESSOR_DEFINITIONS = (
					"DEBUG=1",
					"$(inherited)",
				);
				GCC_WARN_64_TO_32_BIT_CONVERSION = YES;
				GCC_WARN_ABOUT_RETURN_TYPE = YES_ERROR;
				GCC_WARN_UNDECLARED_SELECTOR = YES;
				GCC_WARN_UNINITIALIZED_AUTOS = YES_AGGRESSIVE;
				GCC_WARN_UNUSED_FUNCTION = YES;
				GCC_WARN_UNUSED_VARIABLE = YES;
				IPHONEOS_DEPLOYMENT_TARGET = 18.4;
				LOCALIZATION_PREFERS_STRING_CATALOGS = YES;
				MTL_ENABLE_DEBUG_INFO = INCLUDE_SOURCE;
				MTL_FAST_MATH = YES;
				ONLY_ACTIVE_ARCH = YES;
				SDKROOT = iphoneos;
				SWIFT_ACTIVE_COMPILATION_CONDITIONS = "DEBUG $(inherited)";
				SWIFT_OPTIMIZATION_LEVEL = "-Onone";
			};
			name = Debug;
		};
		BC2130DC2DE4493F002730E9 /* Release */ = {
			isa = XCBuildConfiguration;
			buildSettings = {
				ALWAYS_SEARCH_USER_PATHS = NO;
				ASSETCATALOG_COMPILER_GENERATE_SWIFT_ASSET_SYMBOL_EXTENSIONS = YES;
				CLANG_ANALYZER_NONNULL = YES;
				CLANG_ANALYZER_NUMBER_OBJECT_CONVERSION = YES_AGGRESSIVE;
				CLANG_CXX_LANGUAGE_STANDARD = "gnu++20";
				CLANG_ENABLE_MODULES = YES;
				CLANG_ENABLE_OBJC_ARC = YES;
				CLANG_ENABLE_OBJC_WEAK = YES;
				CLANG_WARN_BLOCK_CAPTURE_AUTORELEASING = YES;
				CLANG_WARN_BOOL_CONVERSION = YES;
				CLANG_WARN_COMMA = YES;
				CLANG_WARN_CONSTANT_CONVERSION = YES;
				CLANG_WARN_DEPRECATED_OBJC_IMPLEMENTATIONS = YES;
				CLANG_WARN_DIRECT_OBJC_ISA_USAGE = YES_ERROR;
				CLANG_WARN_DOCUMENTATION_COMMENTS = YES;
				CLANG_WARN_EMPTY_BODY = YES;
				CLANG_WARN_ENUM_CONVERSION = YES;
				CLANG_WARN_INFINITE_RECURSION = YES;
				CLANG_WARN_INT_CONVERSION = YES;
				CLANG_WARN_NON_LITERAL_NULL_CONVERSION = YES;
				CLANG_WARN_OBJC_IMPLICIT_RETAIN_SELF = YES;
				CLANG_WARN_OBJC_LITERAL_CONVERSION = YES;
				CLANG_WARN_OBJC_ROOT_CLASS = YES_ERROR;
				CLANG_WARN_QUOTED_INCLUDE_IN_FRAMEWORK_HEADER = YES;
				CLANG_WARN_RANGE_LOOP_ANALYSIS = YES;
				CLANG_WARN_STRICT_PROTOTYPES = YES;
				CLANG_WARN_SUSPICIOUS_MOVE = YES;
				CLANG_WARN_UNGUARDED_AVAILABILITY = YES_AGGRESSIVE;
				CLANG_WARN_UNREACHABLE_CODE = YES;
				CLANG_WARN__DUPLICATE_METHOD_MATCH = YES;
				COPY_PHASE_STRIP = NO;
				DEBUG_INFORMATION_FORMAT = "dwarf-with-dsym";
				DEVELOPMENT_TEAM = 7ZHNLQCC82;
				ENABLE_NS_ASSERTIONS = NO;
				ENABLE_STRICT_OBJC_MSGSEND = YES;
				ENABLE_USER_SCRIPT_SANDBOXING = YES;
				GCC_C_LANGUAGE_STANDARD = gnu17;
				GCC_NO_COMMON_BLOCKS = YES;
				GCC_WARN_64_TO_32_BIT_CONVERSION = YES;
				GCC_WARN_ABOUT_RETURN_TYPE = YES_ERROR;
				GCC_WARN_UNDECLARED_SELECTOR = YES;
				GCC_WARN_UNINITIALIZED_AUTOS = YES_AGGRESSIVE;
				GCC_WARN_UNUSED_FUNCTION = YES;
				GCC_WARN_UNUSED_VARIABLE = YES;
				IPHONEOS_DEPLOYMENT_TARGET = 18.4;
				LOCALIZATION_PREFERS_STRING_CATALOGS = YES;
				MTL_ENABLE_DEBUG_INFO = NO;
				MTL_FAST_MATH = YES;
				SDKROOT = iphoneos;
				SWIFT_COMPILATION_MODE = wholemodule;
				VALIDATE_PRODUCT = YES;
			};
			name = Release;
		};
		BC2130DE2DE4493F002730E9 /* Debug */ = {
			isa = XCBuildConfiguration;
			buildSettings = {
				ASSETCATALOG_COMPILER_APPICON_NAME = AppIcon;
				ASSETCATALOG_COMPILER_GLOBAL_ACCENT_COLOR_NAME = AccentColor;
				CODE_SIGN_STYLE = Automatic;
				CURRENT_PROJECT_VERSION = 1;
				DEVELOPMENT_TEAM = 7ZHNLQCC82;
				ENABLE_PREVIEWS = YES;
				GENERATE_INFOPLIST_FILE = YES;
				INFOPLIST_KEY_UIApplicationSceneManifest_Generation = YES;
				INFOPLIST_KEY_UIApplicationSupportsIndirectInputEvents = YES;
				INFOPLIST_KEY_UILaunchScreen_Generation = YES;
				INFOPLIST_KEY_UISupportedInterfaceOrientations_iPad = "UIInterfaceOrientationPortrait UIInterfaceOrientationPortraitUpsideDown UIInterfaceOrientationLandscapeLeft UIInterfaceOrientationLandscapeRight";
				INFOPLIST_KEY_UISupportedInterfaceOrientations_iPhone = "UIInterfaceOrientationPortrait UIInterfaceOrientationLandscapeLeft UIInterfaceOrientationLandscapeRight";
				LD_RUNPATH_SEARCH_PATHS = (
					"$(inherited)",
					"@executable_path/Frameworks",
				);
				MARKETING_VERSION = 1.0;
				PRODUCT_BUNDLE_IDENTIFIER = resilience.Resilience;
				PRODUCT_NAME = "$(TARGET_NAME)";
				SWIFT_EMIT_LOC_STRINGS = YES;
				SWIFT_VERSION = 5.0;
				TARGETED_DEVICE_FAMILY = "1,2";
			};
			name = Debug;
		};
		BC2130DF2DE4493F002730E9 /* Release */ = {
			isa = XCBuildConfiguration;
			buildSettings = {
				ASSETCATALOG_COMPILER_APPICON_NAME = AppIcon;
				ASSETCATALOG_COMPILER_GLOBAL_ACCENT_COLOR_NAME = AccentColor;
				CODE_SIGN_STYLE = Automatic;
				CURRENT_PROJECT_VERSION = 1;
				DEVELOPMENT_TEAM = 7ZHNLQCC82;
				ENABLE_PREVIEWS = YES;
				GENERATE_INFOPLIST_FILE = YES;
				INFOPLIST_KEY_UIApplicationSceneManifest_Generation = YES;
				INFOPLIST_KEY_UIApplicationSupportsIndirectInputEvents = YES;
				INFOPLIST_KEY_UILaunchScreen_Generation = YES;
				INFOPLIST_KEY_UISupportedInterfaceOrientations_iPad = "UIInterfaceOrientationPortrait UIInterfaceOrientationPortraitUpsideDown UIInterfaceOrientationLandscapeLeft UIInterfaceOrientationLandscapeRight";
				INFOPLIST_KEY_UISupportedInterfaceOrientations_iPhone = "UIInterfaceOrientationPortrait UIInterfaceOrientationLandscapeLeft UIInterfaceOrientationLandscapeRight";
				LD_RUNPATH_SEARCH_PATHS = (
					"$(inherited)",
					"@executable_path/Frameworks",
				);
				MARKETING_VERSION = 1.0;
				PRODUCT_BUNDLE_IDENTIFIER = resilience.Resilience;
				PRODUCT_NAME = "$(TARGET_NAME)";
				SWIFT_EMIT_LOC_STRINGS = YES;
				SWIFT_VERSION = 5.0;
				TARGETED_DEVICE_FAMILY = "1,2";
			};
			name = Release;
		};
		BC2130E12DE4493F002730E9 /* Debug */ = {
			isa = XCBuildConfiguration;
			buildSettings = {
				BUNDLE_LOADER = "$(TEST_HOST)";
				CODE_SIGN_STYLE = Automatic;
				CURRENT_PROJECT_VERSION = 1;
				DEVELOPMENT_TEAM = 7ZHNLQCC82;
				GENERATE_INFOPLIST_FILE = YES;
				IPHONEOS_DEPLOYMENT_TARGET = 18.4;
				MARKETING_VERSION = 1.0;
				PRODUCT_BUNDLE_IDENTIFIER = resilience.ResilienceTests;
				PRODUCT_NAME = "$(TARGET_NAME)";
				SWIFT_EMIT_LOC_STRINGS = NO;
				SWIFT_VERSION = 5.0;
				TARGETED_DEVICE_FAMILY = "1,2";
				TEST_HOST = "$(BUILT_PRODUCTS_DIR)/Resilience.app/$(BUNDLE_EXECUTABLE_FOLDER_PATH)/Resilience";
			};
			name = Debug;
		};
		BC2130E22DE4493F002730E9 /* Release */ = {
			isa = XCBuildConfiguration;
			buildSettings = {
				BUNDLE_LOADER = "$(TEST_HOST)";
				CODE_SIGN_STYLE = Automatic;
				CURRENT_PROJECT_VERSION = 1;
				DEVELOPMENT_TEAM = 7ZHNLQCC82;
				GENERATE_INFOPLIST_FILE = YES;
				IPHONEOS_DEPLOYMENT_TARGET = 18.4;
				MARKETING_VERSION = 1.0;
				PRODUCT_BUNDLE_IDENTIFIER = resilience.ResilienceTests;
				PRODUCT_NAME = "$(TARGET_NAME)";
				SWIFT_EMIT_LOC_STRINGS = NO;
				SWIFT_VERSION = 5.0;
				TARGETED_DEVICE_FAMILY = "1,2";
				TEST_HOST = "$(BUILT_PRODUCTS_DIR)/Resilience.app/$(BUNDLE_EXECUTABLE_FOLDER_PATH)/Resilience";
			};
			name = Release;
		};
		BC2130E42DE4493F002730E9 /* Debug */ = {
			isa = XCBuildConfiguration;
			buildSettings = {
				CODE_SIGN_STYLE = Automatic;
				CURRENT_PROJECT_VERSION = 1;
				DEVELOPMENT_TEAM = 7ZHNLQCC82;
				GENERATE_INFOPLIST_FILE = YES;
				MARKETING_VERSION = 1.0;
				PRODUCT_BUNDLE_IDENTIFIER = resilience.ResilienceUITests;
				PRODUCT_NAME = "$(TARGET_NAME)";
				SWIFT_EMIT_LOC_STRINGS = NO;
				SWIFT_VERSION = 5.0;
				TARGETED_DEVICE_FAMILY = "1,2";
				TEST_TARGET_NAME = Resilience;
			};
			name = Debug;
		};
		BC2130E52DE4493F002730E9 /* Release */ = {
			isa = XCBuildConfiguration;
			buildSettings = {
				CODE_SIGN_STYLE = Automatic;
				CURRENT_PROJECT_VERSION = 1;
				DEVELOPMENT_TEAM = 7ZHNLQCC82;
				GENERATE_INFOPLIST_FILE = YES;
				MARKETING_VERSION = 1.0;
				PRODUCT_BUNDLE_IDENTIFIER = resilience.ResilienceUITests;
				PRODUCT_NAME = "$(TARGET_NAME)";
				SWIFT_EMIT_LOC_STRINGS = NO;
				SWIFT_VERSION = 5.0;
				TARGETED_DEVICE_FAMILY = "1,2";
				TEST_TARGET_NAME = Resilience;
			};
			name = Release;
		};
/* End XCBuildConfiguration section */

/* Begin XCConfigurationList section */
		BC2130B72DE4493D002730E9 /* Build configuration list for PBXProject "Resilience" */ = {
			isa = XCConfigurationList;
			buildConfigurations = (
				BC2130DB2DE4493F002730E9 /* Debug */,
				BC2130DC2DE4493F002730E9 /* Release */,
			);
			defaultConfigurationIsVisible = 0;
			defaultConfigurationName = Release;
		};
		BC2130DD2DE4493F002730E9 /* Build configuration list for PBXNativeTarget "Resilience" */ = {
			isa = XCConfigurationList;
			buildConfigurations = (
				BC2130DE2DE4493F002730E9 /* Debug */,
				BC2130DF2DE4493F002730E9 /* Release */,
			);
			defaultConfigurationIsVisible = 0;
			defaultConfigurationName = Release;
		};
		BC2130E02DE4493F002730E9 /* Build configuration list for PBXNativeTarget "ResilienceTests" */ = {
			isa = XCConfigurationList;
			buildConfigurations = (
				BC2130E12DE4493F002730E9 /* Debug */,
				BC2130E22DE4493F002730E9 /* Release */,
			);
			defaultConfigurationIsVisible = 0;
			defaultConfigurationName = Release;
		};
		BC2130E32DE4493F002730E9 /* Build configuration list for PBXNativeTarget "ResilienceUITests" */ = {
			isa = XCConfigurationList;
			buildConfigurations = (
				BC2130E42DE4493F002730E9 /* Debug */,
				BC2130E52DE4493F002730E9 /* Release */,
			);
			defaultConfigurationIsVisible = 0;
			defaultConfigurationName = Release;
		};
/* End XCConfigurationList section */
	};
	rootObject = BC2130B42DE4493D002730E9 /* Project object */;
}
